// !$*UTF8*$!
{
	archiveVersion = 1;
	classes = {
	};
	objectVersion = 46;
	objects = {

/* Begin PBXBuildFile section */
		7959E0771CF441620084766D /* main.m in Sources */ = {isa = PBXBuildFile; fileRef = 7959E0761CF441620084766D /* main.m */; };
		7959E07A1CF441620084766D /* AppDelegate.m in Sources */ = {isa = PBXBuildFile; fileRef = 7959E0791CF441620084766D /* AppDelegate.m */; };
		7959E07D1CF441620084766D /* ViewController.m in Sources */ = {isa = PBXBuildFile; fileRef = 7959E07C1CF441620084766D /* ViewController.m */; };
		7959E0801CF441620084766D /* Main.storyboard in Resources */ = {isa = PBXBuildFile; fileRef = 7959E07E1CF441620084766D /* Main.storyboard */; };
		7959E0821CF441620084766D /* Assets.xcassets in Resources */ = {isa = PBXBuildFile; fileRef = 7959E0811CF441620084766D /* Assets.xcassets */; };
		7959E0851CF441620084766D /* LaunchScreen.storyboard in Resources */ = {isa = PBXBuildFile; fileRef = 7959E0831CF441620084766D /* LaunchScreen.storyboard */; };
		7959E0901CF441620084766D /* TableView_collectionViewTests.m in Sources */ = {isa = PBXBuildFile; fileRef = 7959E08F1CF441620084766D /* TableView_collectionViewTests.m */; };
		7959E09B1CF441620084766D /* TableView_collectionViewUITests.m in Sources */ = {isa = PBXBuildFile; fileRef = 7959E09A1CF441620084766D /* TableView_collectionViewUITests.m */; };
		7959E0AA1CF442520084766D /* QHCollectionView.m in Sources */ = {isa = PBXBuildFile; fileRef = 7959E0A91CF442520084766D /* QHCollectionView.m */; };
/* End PBXBuildFile section */

/* Begin PBXContainerItemProxy section */
		7959E08C1CF441620084766D /* PBXContainerItemProxy */ = {
			isa = PBXContainerItemProxy;
			containerPortal = 7959E06A1CF441620084766D /* Project object */;
			proxyType = 1;
			remoteGlobalIDString = 7959E0711CF441620084766D;
			remoteInfo = "TableView-collectionView";
		};
		7959E0971CF441620084766D /* PBXContainerItemProxy */ = {
			isa = PBXContainerItemProxy;
			containerPortal = 7959E06A1CF441620084766D /* Project object */;
			proxyType = 1;
			remoteGlobalIDString = 7959E0711CF441620084766D;
			remoteInfo = "TableView-collectionView";
		};
/* End PBXContainerItemProxy section */

/* Begin PBXFileReference section */
		7959E0721CF441620084766D /* TableView-collectionView.app */ = {isa = PBXFileReference; explicitFileType = wrapper.application; includeInIndex = 0; path = "TableView-collectionView.app"; sourceTree = BUILT_PRODUCTS_DIR; };
		7959E0761CF441620084766D /* main.m */ = {isa = PBXFileReference; lastKnownFileType = sourcecode.c.objc; path = main.m; sourceTree = "<group>"; };
		7959E0781CF441620084766D /* AppDelegate.h */ = {isa = PBXFileReference; lastKnownFileType = sourcecode.c.h; path = AppDelegate.h; sourceTree = "<group>"; };
		7959E0791CF441620084766D /* AppDelegate.m */ = {isa = PBXFileReference; lastKnownFileType = sourcecode.c.objc; path = AppDelegate.m; sourceTree = "<group>"; };
		7959E07B1CF441620084766D /* ViewController.h */ = {isa = PBXFileReference; lastKnownFileType = sourcecode.c.h; path = ViewController.h; sourceTree = "<group>"; };
		7959E07C1CF441620084766D /* ViewController.m */ = {isa = PBXFileReference; lastKnownFileType = sourcecode.c.objc; path = ViewController.m; sourceTree = "<group>"; };
		7959E07F1CF441620084766D /* Base */ = {isa = PBXFileReference; lastKnownFileType = file.storyboard; name = Base; path = Base.lproj/Main.storyboard; sourceTree = "<group>"; };
		7959E0811CF441620084766D /* Assets.xcassets */ = {isa = PBXFileReference; lastKnownFileType = folder.assetcatalog; path = Assets.xcassets; sourceTree = "<group>"; };
		7959E0841CF441620084766D /* Base */ = {isa = PBXFileReference; lastKnownFileType = file.storyboard; name = Base; path = Base.lproj/LaunchScreen.storyboard; sourceTree = "<group>"; };
		7959E0861CF441620084766D /* Info.plist */ = {isa = PBXFileReference; lastKnownFileType = text.plist.xml; path = Info.plist; sourceTree = "<group>"; };
		7959E08B1CF441620084766D /* TableView-collectionViewTests.xctest */ = {isa = PBXFileReference; explicitFileType = wrapper.cfbundle; includeInIndex = 0; path = "TableView-collectionViewTests.xctest"; sourceTree = BUILT_PRODUCTS_DIR; };
		7959E08F1CF441620084766D /* TableView_collectionViewTests.m */ = {isa = PBXFileReference; lastKnownFileType = sourcecode.c.objc; path = TableView_collectionViewTests.m; sourceTree = "<group>"; };
		7959E0911CF441620084766D /* Info.plist */ = {isa = PBXFileReference; lastKnownFileType = text.plist.xml; path = Info.plist; sourceTree = "<group>"; };
		7959E0961CF441620084766D /* TableView-collectionViewUITests.xctest */ = {isa = PBXFileReference; explicitFileType = wrapper.cfbundle; includeInIndex = 0; path = "TableView-collectionViewUITests.xctest"; sourceTree = BUILT_PRODUCTS_DIR; };
		7959E09A1CF441620084766D /* TableView_collectionViewUITests.m */ = {isa = PBXFileReference; lastKnownFileType = sourcecode.c.objc; path = TableView_collectionViewUITests.m; sourceTree = "<group>"; };
		7959E09C1CF441620084766D /* Info.plist */ = {isa = PBXFileReference; lastKnownFileType = text.plist.xml; path = Info.plist; sourceTree = "<group>"; };
		7959E0A81CF442520084766D /* QHCollectionView.h */ = {isa = PBXFileReference; fileEncoding = 4; lastKnownFileType = sourcecode.c.h; path = QHCollectionView.h; sourceTree = "<group>"; };
		7959E0A91CF442520084766D /* QHCollectionView.m */ = {isa = PBXFileReference; fileEncoding = 4; lastKnownFileType = sourcecode.c.objc; path = QHCollectionView.m; sourceTree = "<group>"; };
/* End PBXFileReference section */

/* Begin PBXFrameworksBuildPhase section */
		7959E06F1CF441620084766D /* Frameworks */ = {
			isa = PBXFrameworksBuildPhase;
			buildActionMask = 2147483647;
			files = (
			);
			runOnlyForDeploymentPostprocessing = 0;
		};
		7959E0881CF441620084766D /* Frameworks */ = {
			isa = PBXFrameworksBuildPhase;
			buildActionMask = 2147483647;
			files = (
			);
			runOnlyForDeploymentPostprocessing = 0;
		};
		7959E0931CF441620084766D /* Frameworks */ = {
			isa = PBXFrameworksBuildPhase;
			buildActionMask = 2147483647;
			files = (
			);
			runOnlyForDeploymentPostprocessing = 0;
		};
/* End PBXFrameworksBuildPhase section */

/* Begin PBXGroup section */
		7959E0691CF441620084766D = {
			isa = PBXGroup;
			children = (
				7959E0741CF441620084766D /* TableView-collectionView */,
				7959E08E1CF441620084766D /* TableView-collectionViewTests */,
				7959E0991CF441620084766D /* TableView-collectionViewUITests */,
				7959E0731CF441620084766D /* Products */,
			);
			sourceTree = "<group>";
		};
		7959E0731CF441620084766D /* Products */ = {
			isa = PBXGroup;
			children = (
				7959E0721CF441620084766D /* TableView-collectionView.app */,
				7959E08B1CF441620084766D /* TableView-collectionViewTests.xctest */,
				7959E0961CF441620084766D /* TableView-collectionViewUITests.xctest */,
			);
			name = Products;
			sourceTree = "<group>";
		};
		7959E0741CF441620084766D /* TableView-collectionView */ = {
			isa = PBXGroup;
			children = (
				7959E0781CF441620084766D /* AppDelegate.h */,
				7959E0791CF441620084766D /* AppDelegate.m */,
				7959E07B1CF441620084766D /* ViewController.h */,
				7959E07C1CF441620084766D /* ViewController.m */,
				7959E0A81CF442520084766D /* QHCollectionView.h */,
				7959E0A91CF442520084766D /* QHCollectionView.m */,
				7959E07E1CF441620084766D /* Main.storyboard */,
				7959E0811CF441620084766D /* Assets.xcassets */,
				7959E0831CF441620084766D /* LaunchScreen.storyboard */,
				7959E0861CF441620084766D /* Info.plist */,
				7959E0751CF441620084766D /* Supporting Files */,
			);
			path = "TableView-collectionView";
			sourceTree = "<group>";
		};
		7959E0751CF441620084766D /* Supporting Files */ = {
			isa = PBXGroup;
			children = (
				7959E0761CF441620084766D /* main.m */,
			);
			name = "Supporting Files";
			sourceTree = "<group>";
		};
		7959E08E1CF441620084766D /* TableView-collectionViewTests */ = {
			isa = PBXGroup;
			children = (
				7959E08F1CF441620084766D /* TableView_collectionViewTests.m */,
				7959E0911CF441620084766D /* Info.plist */,
			);
			path = "TableView-collectionViewTests";
			sourceTree = "<group>";
		};
		7959E0991CF441620084766D /* TableView-collectionViewUITests */ = {
			isa = PBXGroup;
			children = (
				7959E09A1CF441620084766D /* TableView_collectionViewUITests.m */,
				7959E09C1CF441620084766D /* Info.plist */,
			);
			path = "TableView-collectionViewUITests";
			sourceTree = "<group>";
		};
/* End PBXGroup section */

/* Begin PBXNativeTarget section */
		7959E0711CF441620084766D /* TableView-collectionView */ = {
			isa = PBXNativeTarget;
			buildConfigurationList = 7959E09F1CF441620084766D /* Build configuration list for PBXNativeTarget "TableView-collectionView" */;
			buildPhases = (
				7959E06E1CF441620084766D /* Sources */,
				7959E06F1CF441620084766D /* Frameworks */,
				7959E0701CF441620084766D /* Resources */,
			);
			buildRules = (
			);
			dependencies = (
			);
			name = "TableView-collectionView";
			productName = "TableView-collectionView";
			productReference = 7959E0721CF441620084766D /* TableView-collectionView.app */;
			productType = "com.apple.product-type.application";
		};
		7959E08A1CF441620084766D /* TableView-collectionViewTests */ = {
			isa = PBXNativeTarget;
			buildConfigurationList = 7959E0A21CF441620084766D /* Build configuration list for PBXNativeTarget "TableView-collectionViewTests" */;
			buildPhases = (
				7959E0871CF441620084766D /* Sources */,
				7959E0881CF441620084766D /* Frameworks */,
				7959E0891CF441620084766D /* Resources */,
			);
			buildRules = (
			);
			dependencies = (
				7959E08D1CF441620084766D /* PBXTargetDependency */,
			);
			name = "TableView-collectionViewTests";
			productName = "TableView-collectionViewTests";
			productReference = 7959E08B1CF441620084766D /* TableView-collectionViewTests.xctest */;
			productType = "com.apple.product-type.bundle.unit-test";
		};
		7959E0951CF441620084766D /* TableView-collectionViewUITests */ = {
			isa = PBXNativeTarget;
			buildConfigurationList = 7959E0A51CF441620084766D /* Build configuration list for PBXNativeTarget "TableView-collectionViewUITests" */;
			buildPhases = (
				7959E0921CF441620084766D /* Sources */,
				7959E0931CF441620084766D /* Frameworks */,
				7959E0941CF441620084766D /* Resources */,
			);
			buildRules = (
			);
			dependencies = (
				7959E0981CF441620084766D /* PBXTargetDependency */,
			);
			name = "TableView-collectionViewUITests";
			productName = "TableView-collectionViewUITests";
			productReference = 7959E0961CF441620084766D /* TableView-collectionViewUITests.xctest */;
			productType = "com.apple.product-type.bundle.ui-testing";
		};
/* End PBXNativeTarget section */

/* Begin PBXProject section */
		7959E06A1CF441620084766D /* Project object */ = {
			isa = PBXProject;
			attributes = {
				LastUpgradeCheck = 0730;
				ORGANIZATIONNAME = qh;
				TargetAttributes = {
					7959E0711CF441620084766D = {
						CreatedOnToolsVersion = 7.3;
					};
					7959E08A1CF441620084766D = {
						CreatedOnToolsVersion = 7.3;
						TestTargetID = 7959E0711CF441620084766D;
					};
					7959E0951CF441620084766D = {
						CreatedOnToolsVersion = 7.3;
						TestTargetID = 7959E0711CF441620084766D;
					};
				};
			};
			buildConfigurationList = 7959E06D1CF441620084766D /* Build configuration list for PBXProject "TableView-collectionView" */;
			compatibilityVersion = "Xcode 3.2";
			developmentRegion = English;
			hasScannedForEncodings = 0;
			knownRegions = (
				en,
				Base,
			);
			mainGroup = 7959E0691CF441620084766D;
			productRefGroup = 7959E0731CF441620084766D /* Products */;
			projectDirPath = "";
			projectRoot = "";
			targets = (
				7959E0711CF441620084766D /* TableView-collectionView */,
				7959E08A1CF441620084766D /* TableView-collectionViewTests */,
				7959E0951CF441620084766D /* TableView-collectionViewUITests */,
			);
		};
/* End PBXProject section */

/* Begin PBXResourcesBuildPhase section */
		7959E0701CF441620084766D /* Resources */ = {
			isa = PBXResourcesBuildPhase;
			buildActionMask = 2147483647;
			files = (
				7959E0851CF441620084766D /* LaunchScreen.storyboard in Resources */,
				7959E0821CF441620084766D /* Assets.xcassets in Resources */,
				7959E0801CF441620084766D /* Main.storyboard in Resources */,
			);
			runOnlyForDeploymentPostprocessing = 0;
		};
		7959E0891CF441620084766D /* Resources */ = {
			isa = PBXResourcesBuildPhase;
			buildActionMask = 2147483647;
			files = (
			);
			runOnlyForDeploymentPostprocessing = 0;
		};
		7959E0941CF441620084766D /* Resources */ = {
			isa = PBXResourcesBuildPhase;
			buildActionMask = 2147483647;
			files = (
			);
			runOnlyForDeploymentPostprocessing = 0;
		};
/* End PBXResourcesBuildPhase section */

/* Begin PBXSourcesBuildPhase section */
		7959E06E1CF441620084766D /* Sources */ = {
			isa = PBXSourcesBuildPhase;
			buildActionMask = 2147483647;
			files = (
				7959E07D1CF441620084766D /* ViewController.m in Sources */,
				7959E0AA1CF442520084766D /* QHCollectionView.m in Sources */,
				7959E07A1CF441620084766D /* AppDelegate.m in Sources */,
				7959E0771CF441620084766D /* main.m in Sources */,
			);
			runOnlyForDeploymentPostprocessing = 0;
		};
		7959E0871CF441620084766D /* Sources */ = {
			isa = PBXSourcesBuildPhase;
			buildActionMask = 2147483647;
			files = (
				7959E0901CF441620084766D /* TableView_collectionViewTests.m in Sources */,
			);
			runOnlyForDeploymentPostprocessing = 0;
		};
		7959E0921CF441620084766D /* Sources */ = {
			isa = PBXSourcesBuildPhase;
			buildActionMask = 2147483647;
			files = (
				7959E09B1CF441620084766D /* TableView_collectionViewUITests.m in Sources */,
			);
			runOnlyForDeploymentPostprocessing = 0;
		};
/* End PBXSourcesBuildPhase section */

/* Begin PBXTargetDependency section */
		7959E08D1CF441620084766D /* PBXTargetDependency */ = {
			isa = PBXTargetDependency;
			target = 7959E0711CF441620084766D /* TableView-collectionView */;
			targetProxy = 7959E08C1CF441620084766D /* PBXContainerItemProxy */;
		};
		7959E0981CF441620084766D /* PBXTargetDependency */ = {
			isa = PBXTargetDependency;
			target = 7959E0711CF441620084766D /* TableView-collectionView */;
			targetProxy = 7959E0971CF441620084766D /* PBXContainerItemProxy */;
		};
/* End PBXTargetDependency section */

/* Begin PBXVariantGroup section */
		7959E07E1CF441620084766D /* Main.storyboard */ = {
			isa = PBXVariantGroup;
			children = (
				7959E07F1CF441620084766D /* Base */,
			);
			name = Main.storyboard;
			sourceTree = "<group>";
		};
		7959E0831CF441620084766D /* LaunchScreen.storyboard */ = {
			isa = PBXVariantGroup;
			children = (
				7959E0841CF441620084766D /* Base */,
			);
			name = LaunchScreen.storyboard;
			sourceTree = "<group>";
		};
/* End PBXVariantGroup section */

/* Begin XCBuildConfiguration section */
		7959E09D1CF441620084766D /* Debug */ = {
			isa = XCBuildConfiguration;
			buildSettings = {
				ALWAYS_SEARCH_USER_PATHS = NO;
				CLANG_ANALYZER_NONNULL = YES;
				CLANG_CXX_LANGUAGE_STANDARD = "gnu++0x";
				CLANG_CXX_LIBRARY = "libc++";
				CLANG_ENABLE_MODULES = YES;
				CLANG_ENABLE_OBJC_ARC = YES;
				CLANG_WARN_BOOL_CONVERSION = YES;
				CLANG_WARN_CONSTANT_CONVERSION = YES;
				CLANG_WARN_DIRECT_OBJC_ISA_USAGE = YES_ERROR;
				CLANG_WARN_EMPTY_BODY = YES;
				CLANG_WARN_ENUM_CONVERSION = YES;
				CLANG_WARN_INT_CONVERSION = YES;
				CLANG_WARN_OBJC_ROOT_CLASS = YES_ERROR;
				CLANG_WARN_UNREACHABLE_CODE = YES;
				CLANG_WARN__DUPLICATE_METHOD_MATCH = YES;
				"CODE_SIGN_IDENTITY[sdk=iphoneos*]" = "iPhone Developer";
				COPY_PHASE_STRIP = NO;
				DEBUG_INFORMATION_FORMAT = dwarf;
				ENABLE_STRICT_OBJC_MSGSEND = YES;
				ENABLE_TESTABILITY = YES;
				GCC_C_LANGUAGE_STANDARD = gnu99;
				GCC_DYNAMIC_NO_PIC = NO;
				GCC_NO_COMMON_BLOCKS = YES;
				GCC_OPTIMIZATION_LEVEL = 0;
				GCC_PREPROCESSOR_DEFINITIONS = (
					"DEBUG=1",
					"$(inherited)",
				);
				GCC_WARN_64_TO_32_BIT_CONVERSION = YES;
				GCC_WARN_ABOUT_RETURN_TYPE = YES_ERROR;
				GCC_WARN_UNDECLARED_SELECTOR = YES;
				GCC_WARN_UNINITIALIZED_AUTOS = YES_AGGRESSIVE;
				GCC_WARN_UNUSED_FUNCTION = YES;
				GCC_WARN_UNUSED_VARIABLE = YES;
				IPHONEOS_DEPLOYMENT_TARGET = 9.3;
				MTL_ENABLE_DEBUG_INFO = YES;
				ONLY_ACTIVE_ARCH = YES;
				SDKROOT = iphoneos;
			};
			name = Debug;
		};
		7959E09E1CF441620084766D /* Release */ = {
			isa = XCBuildConfiguration;
			buildSettings = {
				ALWAYS_SEARCH_USER_PATHS = NO;
				CLANG_ANALYZER_NONNULL = YES;
				CLANG_CXX_LANGUAGE_STANDARD = "gnu++0x";
				CLANG_CXX_LIBRARY = "libc++";
				CLANG_ENABLE_MODULES = YES;
				CLANG_ENABLE_OBJC_ARC = YES;
				CLANG_WARN_BOOL_CONVERSION = YES;
				CLANG_WARN_CONSTANT_CONVERSION = YES;
				CLANG_WARN_DIRECT_OBJC_ISA_USAGE = YES_ERROR;
				CLANG_WARN_EMPTY_BODY = YES;
				CLANG_WARN_ENUM_CONVERSION = YES;
				CLANG_WARN_INT_CONVERSION = YES;
				CLANG_WARN_OBJC_ROOT_CLASS = YES_ERROR;
				CLANG_WARN_UNREACHABLE_CODE = YES;
				CLANG_WARN__DUPLICATE_METHOD_MATCH = YES;
				"CODE_SIGN_IDENTITY[sdk=iphoneos*]" = "iPhone Developer";
				COPY_PHASE_STRIP = NO;
				DEBUG_INFORMATION_FORMAT = "dwarf-with-dsym";
				ENABLE_NS_ASSERTIONS = NO;
				ENABLE_STRICT_OBJC_MSGSEND = YES;
				GCC_C_LANGUAGE_STANDARD = gnu99;
				GCC_NO_COMMON_BLOCKS = YES;
				GCC_WARN_64_TO_32_BIT_CONVERSION = YES;
				GCC_WARN_ABOUT_RETURN_TYPE = YES_ERROR;
				GCC_WARN_UNDECLARED_SELECTOR = YES;
				GCC_WARN_UNINITIALIZED_AUTOS = YES_AGGRESSIVE;
				GCC_WARN_UNUSED_FUNCTION = YES;
				GCC_WARN_UNUSED_VARIABLE = YES;
				IPHONEOS_DEPLOYMENT_TARGET = 9.3;
				MTL_ENABLE_DEBUG_INFO = NO;
				SDKROOT = iphoneos;
				VALIDATE_PRODUCT = YES;
			};
			name = Release;
		};
		7959E0A01CF441620084766D /* Debug */ = {
			isa = XCBuildConfiguration;
			buildSettings = {
				ASSETCATALOG_COMPILER_APPICON_NAME = AppIcon;
				INFOPLIST_FILE = "TableView-collectionView/Info.plist";
				LD_RUNPATH_SEARCH_PATHS = "$(inherited) @executable_path/Frameworks";
				PRODUCT_BUNDLE_IDENTIFIER = "com.qh.com.TableView-collectionView";
				PRODUCT_NAME = "$(TARGET_NAME)";
			};
			name = Debug;
		};
		7959E0A11CF441620084766D /* Release */ = {
			isa = XCBuildConfiguration;
			buildSettings = {
				ASSETCATALOG_COMPILER_APPICON_NAME = AppIcon;
				INFOPLIST_FILE = "TableView-collectionView/Info.plist";
				LD_RUNPATH_SEARCH_PATHS = "$(inherited) @executable_path/Frameworks";
				PRODUCT_BUNDLE_IDENTIFIER = "com.qh.com.TableView-collectionView";
				PRODUCT_NAME = "$(TARGET_NAME)";
			};
			name = Release;
		};
		7959E0A31CF441620084766D /* Debug */ = {
			isa = XCBuildConfiguration;
			buildSettings = {
				BUNDLE_LOADER = "$(TEST_HOST)";
				INFOPLIST_FILE = "TableView-collectionViewTests/Info.plist";
				LD_RUNPATH_SEARCH_PATHS = "$(inherited) @executable_path/Frameworks @loader_path/Frameworks";
				PRODUCT_BUNDLE_IDENTIFIER = "com.qh.com.TableView-collectionViewTests";
				PRODUCT_NAME = "$(TARGET_NAME)";
				TEST_HOST = "$(BUILT_PRODUCTS_DIR)/TableView-collectionView.app/TableView-collectionView";
			};
			name = Debug;
		};
		7959E0A41CF441620084766D /* Release */ = {
			isa = XCBuildConfiguration;
			buildSettings = {
				BUNDLE_LOADER = "$(TEST_HOST)";
				INFOPLIST_FILE = "TableView-collectionViewTests/Info.plist";
				LD_RUNPATH_SEARCH_PATHS = "$(inherited) @executable_path/Frameworks @loader_path/Frameworks";
				PRODUCT_BUNDLE_IDENTIFIER = "com.qh.com.TableView-collectionViewTests";
				PRODUCT_NAME = "$(TARGET_NAME)";
				TEST_HOST = "$(BUILT_PRODUCTS_DIR)/TableView-collectionView.app/TableView-collectionView";
			};
			name = Release;
		};
		7959E0A61CF441620084766D /* Debug */ = {
			isa = XCBuildConfiguration;
			buildSettings = {
				INFOPLIST_FILE = "TableView-collectionViewUITests/Info.plist";
				LD_RUNPATH_SEARCH_PATHS = "$(inherited) @executable_path/Frameworks @loader_path/Frameworks";
				PRODUCT_BUNDLE_IDENTIFIER = "com.qh.com.TableView-collectionViewUITests";
				PRODUCT_NAME = "$(TARGET_NAME)";
				TEST_TARGET_NAME = "TableView-collectionView";
			};
			name = Debug;
		};
		7959E0A71CF441620084766D /* Release */ = {
			isa = XCBuildConfiguration;
			buildSettings = {
				INFOPLIST_FILE = "TableView-collectionViewUITests/Info.plist";
				LD_RUNPATH_SEARCH_PATHS = "$(inherited) @executable_path/Frameworks @loader_path/Frameworks";
				PRODUCT_BUNDLE_IDENTIFIER = "com.qh.com.TableView-collectionViewUITests";
				PRODUCT_NAME = "$(TARGET_NAME)";
				TEST_TARGET_NAME = "TableView-collectionView";
			};
			name = Release;
		};
/* End XCBuildConfiguration section */

/* Begin XCConfigurationList section */
		7959E06D1CF441620084766D /* Build configuration list for PBXProject "TableView-collectionView" */ = {
			isa = XCConfigurationList;
			buildConfigurations = (
				7959E09D1CF441620084766D /* Debug */,
				7959E09E1CF441620084766D /* Release */,
			);
			defaultConfigurationIsVisible = 0;
			defaultConfigurationName = Release;
		};
		7959E09F1CF441620084766D /* Build configuration list for PBXNativeTarget "TableView-collectionView" */ = {
			isa = XCConfigurationList;
			buildConfigurations = (
				7959E0A01CF441620084766D /* Debug */,
				7959E0A11CF441620084766D /* Release */,
			);
			defaultConfigurationIsVisible = 0;
		};
		7959E0A21CF441620084766D /* Build configuration list for PBXNativeTarget "TableView-collectionViewTests" */ = {
			isa = XCConfigurationList;
			buildConfigurations = (
				7959E0A31CF441620084766D /* Debug */,
				7959E0A41CF441620084766D /* Release */,
			);
			defaultConfigurationIsVisible = 0;
		};
		7959E0A51CF441620084766D /* Build configuration list for PBXNativeTarget "TableView-collectionViewUITests" */ = {
			isa = XCConfigurationList;
			buildConfigurations = (
				7959E0A61CF441620084766D /* Debug */,
				7959E0A71CF441620084766D /* Release */,
			);
			defaultConfigurationIsVisible = 0;
		};
/* End XCConfigurationList section */
	};
	rootObject = 7959E06A1CF441620084766D /* Project object */;
}
